
Microsoft Visual Studio Solution File, Format Version 11.00
# Visual Studio 2010
Project("{8BC9CEB8-8B4A-11D0-8D11-00A0C91BC942}") = "esptool2", "esptool2.vcxproj", "{F8903074-16A4-431E-BBEF-A8437E0ADE25}"
EndProject
Global
	GlobalSection(SolutionConfigurationPlatforms) = preSolution
		Debug|Win32 = Debug|Win32
		Release|Win32 = Release|Win32
	EndGlobalSection
	GlobalSection(ProjectConfigurationPlatforms) = postSolution
		{F8903074-16A4-431E-BBEF-A8437E0ADE25}.Debug|Win32.ActiveCfg = Debug|Win32
		{F8903074-16A4-431E-BBEF-A8437E0ADE25}.Debug|Win32.Build.0 = Debug|Win32
		{F8903074-16A4-431E-BBEF-A8437E0ADE25}.Release|Win32.ActiveCfg = Release|Win32
		{F8903074-16A4-431E-BBEF-A8437E0ADE25}.Release|Win32.Build.0 = Release|Win32
	EndGlobalSection
	GlobalSection(SolutionProperties) = preSolution
		HideSolutionNode = FALSE
	EndGlobalSection
EndGlobal
